<?xml version="1.0" encoding="utf-8"?>
<Project ToolsVersion="4.0" xmlns="http://schemas.microsoft.com/developer/msbuild/2003">
  <ItemGroup>
    <Filter Include="Source Files">
      <UniqueIdentifier>{4FC737F1-C7A5-4376-A066-2A32D752A2FF}</UniqueIdentifier>
      <Extensions>cpp;c;cc;cxx;c++;cppm;ixx;def;odl;idl;hpj;bat;asm;asmx</Extensions>
    </Filter>
    <Filter Include="Resource Files">
      <UniqueIdentifier>{67DA6AB6-F800-4c08-8B7A-83BB121AAD01}</UniqueIdentifier>
      <Extensions>rc;ico;cur;bmp;dlg;rc2;rct;bin;rgs;gif;jpg;jpeg;jpe;resx;tiff;tif;png;wav;mfcribbon-ms</Extensions>
    </Filter>
    <Filter Include="Source Files\Common">
      <UniqueIdentifier>{093467a7-2244-4a8c-b4b3-29b4d0638e82}</UniqueIdentifier>
    </Filter>
    <Filter Include="Source Files\VertexAttribTest">
      <UniqueIdentifier>{5b905ec6-1841-4879-a33c-41d2ab560dcb}</UniqueIdentifier>
    </Filter>
  </ItemGroup>
  <ItemGroup>
    <ClCompile Include="Sources\SDLWindow.cpp">
      <Filter>Source Files\Common</Filter>
    </ClCompile>
    <ClCompile Include="Sources\Shader.cpp">
      <Filter>Source Files\Common</Filter>
    </ClCompile>
    <ClCompile Include="Sources\ShaderManager.cpp">
      <Filter>Source Files\Common</Filter>
    </ClCompile>
    <ClCompile Include="Sources\Texture.cpp">
      <Filter>Source Files\Common</Filter>
    </ClCompile>
    <ClCompile Include="Sources\Application.cpp">
      <Filter>Source Files\Common</Filter>
    </ClCompile>
    <ClCompile Include="Sources\Renderable.cpp">
      <Filter>Source Files\Common</Filter>
    </ClCompile>
    <ClCompile Include="Sources\VertexAttribTestApp.cpp">
      <Filter>Source Files\VertexAttribTest</Filter>
    </ClCompile>
    <ClCompile Include="Sources\main.cpp">
      <Filter>Source Files</Filter>
    </ClCompile>
  </ItemGroup>
  <ItemGroup>
    <ClInclude Include="Sources\Renderable.h">
      <Filter>Source Files\Common</Filter>
    </ClInclude>
    <ClInclude Include="Sources\SDLWindow.h">
      <Filter>Source Files\Common</Filter>
    </ClInclude>
    <ClInclude Include="Sources\Shader.h">
      <Filter>Source Files\Common</Filter>
    </ClInclude>
    <ClInclude Include="Sources\ShaderManager.h">
      <Filter>Source Files\Common</Filter>
    </ClInclude>
    <ClInclude Include="Sources\Texture.h">
      <Filter>Source Files\Common</Filter>
    </ClInclude>
    <ClInclude Include="Sources\Application.h">
      <Filter>Source Files\Common</Filter>
    </ClInclude>
    <ClInclude Include="Sources\Camera.h">
      <Filter>Source Files\Common</Filter>
    </ClInclude>
    <ClInclude Include="Sources\VertexAttribTestApp.h">
      <Filter>Source Files\VertexAttribTest</Filter>
    </ClInclude>
    <ClInclude Include="Sources\Object.h">
      <Filter>Source Files\Common</Filter>
    </ClInclude>
  </ItemGroup>
  <ItemGroup>
    <None Include="Sources\simple.frag">
      <Filter>Resource Files</Filter>
    </None>
    <None Include="Sources\simple.vert">
      <Filter>Resource Files</Filter>
    </None>
  </ItemGroup>
</Project>